
Microsoft Visual Studio Solution File, Format Version 12.00
# Visual Studio Version 17
VisualStudioVersion = 17.4.33213.308
MinimumVisualStudioVersion = 10.0.40219.1
Project("{9A19103F-16F7-4668-BE54-9A1E7A4F7556}") = "SQLServerUI", "SQLServerUI\SQLServerUI.csproj", "{A480A0FF-B720-4635-86F5-C1AB386BFAA8}"
EndProject
Project("{00D1A9C2-B5F0-4AF3-8072-F6C62B433612}") = "SQLContactDB", "SQLContactDB\SQLContactDB.sqlproj", "{C1BCA02E-2571-4549-97BB-D02BC196E46A}"
EndProject
Project("{FAE04EC0-301F-11D3-BF4B-00C04F79EFBC}") = "DataAccessLibrary", "DataAccessLibrary\DataAccessLibrary.csproj", "{C96302B8-5A61-49EB-A2CD-1ACD467EDC53}"
EndProject
Global
	GlobalSection(SolutionConfigurationPlatforms) = preSolution
		Debug|Any CPU = Debug|Any CPU
		Release|Any CPU = Release|Any CPU
	EndGlobalSection
	GlobalSection(ProjectConfigurationPlatforms) = postSolution
		{A480A0FF-B720-4635-86F5-C1AB386BFAA8}.Debug|Any CPU.ActiveCfg = Debug|Any CPU
		{A480A0FF-B720-4635-86F5-C1AB386BFAA8}.Debug|Any CPU.Build.0 = Debug|Any CPU
		{A480A0FF-B720-4635-86F5-C1AB386BFAA8}.Release|Any CPU.ActiveCfg = Release|Any CPU
		{A480A0FF-B720-4635-86F5-C1AB386BFAA8}.Release|Any CPU.Build.0 = Release|Any CPU
		{C1BCA02E-2571-4549-97BB-D02BC196E46A}.Debug|Any CPU.ActiveCfg = Debug|Any CPU
		{C1BCA02E-2571-4549-97BB-D02BC196E46A}.Debug|Any CPU.Build.0 = Debug|Any CPU
		{C1BCA02E-2571-4549-97BB-D02BC196E46A}.Debug|Any CPU.Deploy.0 = Debug|Any CPU
		{C1BCA02E-2571-4549-97BB-D02BC196E46A}.Release|Any CPU.ActiveCfg = Release|Any CPU
		{C1BCA02E-2571-4549-97BB-D02BC196E46A}.Release|Any CPU.Build.0 = Release|Any CPU
		{C1BCA02E-2571-4549-97BB-D02BC196E46A}.Release|Any CPU.Deploy.0 = Release|Any CPU
		{C96302B8-5A61-49EB-A2CD-1ACD467EDC53}.Debug|Any CPU.ActiveCfg = Debug|Any CPU
		{C96302B8-5A61-49EB-A2CD-1ACD467EDC53}.Debug|Any CPU.Build.0 = Debug|Any CPU
		{C96302B8-5A61-49EB-A2CD-1ACD467EDC53}.Release|Any CPU.ActiveCfg = Release|Any CPU
		{C96302B8-5A61-49EB-A2CD-1ACD467EDC53}.Release|Any CPU.Build.0 = Release|Any CPU
	EndGlobalSection
	GlobalSection(SolutionProperties) = preSolution
		HideSolutionNode = FALSE
	EndGlobalSection
	GlobalSection(ExtensibilityGlobals) = postSolution
		SolutionGuid = {A58BC5A6-343B-4E74-B491-EFF956869272}
	EndGlobalSection
EndGlobal
